
Microsoft Visual Studio Solution File, Format Version 12.00
# Visual Studio 15
VisualStudioVersion = 15.0.27428.2037
MinimumVisualStudioVersion = 10.0.40219.1
Project("{FAE04EC0-301F-11D3-BF4B-00C04F79EFBC}") = "1.2.7", "1.2.7\1.2.7.csproj", "{F4159E5A-F040-4E04-AFCC-E47DA09BFD35}"
EndProject
Global
	GlobalSection(SolutionConfigurationPlatforms) = preSolution
		Debug|Any CPU = Debug|Any CPU
		Release|Any CPU = Release|Any CPU
	EndGlobalSection
	GlobalSection(ProjectConfigurationPlatforms) = postSolution
		{F4159E5A-F040-4E04-AFCC-E47DA09BFD35}.Debug|Any CPU.ActiveCfg = Debug|Any CPU
		{F4159E5A-F040-4E04-AFCC-E47DA09BFD35}.Debug|Any CPU.Build.0 = Debug|Any CPU
		{F4159E5A-F040-4E04-AFCC-E47DA09BFD35}.Release|Any CPU.ActiveCfg = Release|Any CPU
		{F4159E5A-F040-4E04-AFCC-E47DA09BFD35}.Release|Any CPU.Build.0 = Release|Any CPU
	EndGlobalSection
	GlobalSection(SolutionProperties) = preSolution
		HideSolutionNode = FALSE
	EndGlobalSection
	GlobalSection(ExtensibilityGlobals) = postSolution
		SolutionGuid = {B946F699-8945-4ECD-B26C-DDF559C65199}
	EndGlobalSection
EndGlobal
