
Microsoft Visual Studio Solution File, Format Version 12.00
# Visual Studio 15
VisualStudioVersion = 15.0.27004.2009
MinimumVisualStudioVersion = 10.0.40219.1
Project("{FAE04EC0-301F-11D3-BF4B-00C04F79EFBC}") = "task2_5", "task2_5\task2_5.csproj", "{06D9BC54-0C8A-4F66-A52C-7474AE2EBAA5}"
EndProject
Global
	GlobalSection(SolutionConfigurationPlatforms) = preSolution
		Debug|Any CPU = Debug|Any CPU
		Release|Any CPU = Release|Any CPU
	EndGlobalSection
	GlobalSection(ProjectConfigurationPlatforms) = postSolution
		{06D9BC54-0C8A-4F66-A52C-7474AE2EBAA5}.Debug|Any CPU.ActiveCfg = Debug|Any CPU
		{06D9BC54-0C8A-4F66-A52C-7474AE2EBAA5}.Debug|Any CPU.Build.0 = Debug|Any CPU
		{06D9BC54-0C8A-4F66-A52C-7474AE2EBAA5}.Release|Any CPU.ActiveCfg = Release|Any CPU
		{06D9BC54-0C8A-4F66-A52C-7474AE2EBAA5}.Release|Any CPU.Build.0 = Release|Any CPU
	EndGlobalSection
	GlobalSection(SolutionProperties) = preSolution
		HideSolutionNode = FALSE
	EndGlobalSection
	GlobalSection(ExtensibilityGlobals) = postSolution
		SolutionGuid = {BB63EFC1-E956-4087-829F-DFA20FE37076}
	EndGlobalSection
EndGlobal
