
Microsoft Visual Studio Solution File, Format Version 12.00
# Visual Studio 15
VisualStudioVersion = 15.0.27428.2037
MinimumVisualStudioVersion = 10.0.40219.1
Project("{FAE04EC0-301F-11D3-BF4B-00C04F79EFBC}") = "task2", "task2\task2.csproj", "{BBA37731-285F-4B81-9033-D8872C5A016C}"
EndProject
Global
	GlobalSection(SolutionConfigurationPlatforms) = preSolution
		Debug|Any CPU = Debug|Any CPU
		Release|Any CPU = Release|Any CPU
	EndGlobalSection
	GlobalSection(ProjectConfigurationPlatforms) = postSolution
		{BBA37731-285F-4B81-9033-D8872C5A016C}.Debug|Any CPU.ActiveCfg = Debug|Any CPU
		{BBA37731-285F-4B81-9033-D8872C5A016C}.Debug|Any CPU.Build.0 = Debug|Any CPU
		{BBA37731-285F-4B81-9033-D8872C5A016C}.Release|Any CPU.ActiveCfg = Release|Any CPU
		{BBA37731-285F-4B81-9033-D8872C5A016C}.Release|Any CPU.Build.0 = Release|Any CPU
	EndGlobalSection
	GlobalSection(SolutionProperties) = preSolution
		HideSolutionNode = FALSE
	EndGlobalSection
	GlobalSection(ExtensibilityGlobals) = postSolution
		SolutionGuid = {D4E6D592-BFE6-4A2C-AB47-CE3EAF8B86A7}
	EndGlobalSection
EndGlobal
