
Microsoft Visual Studio Solution File, Format Version 12.00
# Visual Studio 15
VisualStudioVersion = 15.0.27428.2037
MinimumVisualStudioVersion = 10.0.40219.1
Project("{FAE04EC0-301F-11D3-BF4B-00C04F79EFBC}") = "1.2.7", "1.2.7\1.2.7.csproj", "{14BCBAEB-AA74-49B8-B8A4-A15B0E2CA4BB}"
EndProject
Global
	GlobalSection(SolutionConfigurationPlatforms) = preSolution
		Debug|Any CPU = Debug|Any CPU
		Release|Any CPU = Release|Any CPU
	EndGlobalSection
	GlobalSection(ProjectConfigurationPlatforms) = postSolution
		{14BCBAEB-AA74-49B8-B8A4-A15B0E2CA4BB}.Debug|Any CPU.ActiveCfg = Debug|Any CPU
		{14BCBAEB-AA74-49B8-B8A4-A15B0E2CA4BB}.Debug|Any CPU.Build.0 = Debug|Any CPU
		{14BCBAEB-AA74-49B8-B8A4-A15B0E2CA4BB}.Release|Any CPU.ActiveCfg = Release|Any CPU
		{14BCBAEB-AA74-49B8-B8A4-A15B0E2CA4BB}.Release|Any CPU.Build.0 = Release|Any CPU
	EndGlobalSection
	GlobalSection(SolutionProperties) = preSolution
		HideSolutionNode = FALSE
	EndGlobalSection
	GlobalSection(ExtensibilityGlobals) = postSolution
		SolutionGuid = {10B17448-BC9E-4BA7-914C-EF691DD409C5}
	EndGlobalSection
EndGlobal
