
Microsoft Visual Studio Solution File, Format Version 12.00
# Visual Studio 15
VisualStudioVersion = 15.0.27428.2037
MinimumVisualStudioVersion = 10.0.40219.1
Project("{FAE04EC0-301F-11D3-BF4B-00C04F79EFBC}") = "1.1.7", "1.1.7\1.1.7.csproj", "{17F8BF06-5FF4-40E6-9F53-F50CD5228D6F}"
EndProject
Global
	GlobalSection(SolutionConfigurationPlatforms) = preSolution
		Debug|Any CPU = Debug|Any CPU
		Release|Any CPU = Release|Any CPU
	EndGlobalSection
	GlobalSection(ProjectConfigurationPlatforms) = postSolution
		{17F8BF06-5FF4-40E6-9F53-F50CD5228D6F}.Debug|Any CPU.ActiveCfg = Debug|Any CPU
		{17F8BF06-5FF4-40E6-9F53-F50CD5228D6F}.Debug|Any CPU.Build.0 = Debug|Any CPU
		{17F8BF06-5FF4-40E6-9F53-F50CD5228D6F}.Release|Any CPU.ActiveCfg = Release|Any CPU
		{17F8BF06-5FF4-40E6-9F53-F50CD5228D6F}.Release|Any CPU.Build.0 = Release|Any CPU
	EndGlobalSection
	GlobalSection(SolutionProperties) = preSolution
		HideSolutionNode = FALSE
	EndGlobalSection
	GlobalSection(ExtensibilityGlobals) = postSolution
		SolutionGuid = {C33640F5-1553-43CF-8668-5FBD78370D2B}
	EndGlobalSection
EndGlobal
